
Microsoft Visual Studio Solution File, Format Version 12.00
# Visual Studio Version 16
VisualStudioVersion = 16.0.29519.181
MinimumVisualStudioVersion = 10.0.40219.1
Project("{FAE04EC0-301F-11D3-BF4B-00C04F79EFBC}") = "QuickBuy.Domain", "QuickBuy.Dominio\QuickBuy.Domain.csproj", "{0E12FADD-B078-4814-BFAA-7484485B01C6}"
EndProject
Project("{FAE04EC0-301F-11D3-BF4B-00C04F79EFBC}") = "QuickBuy.Repository", "QuickBuy.Repositorio\QuickBuy.Repository.csproj", "{772031F9-D42A-47B3-8E2B-27319AC695C0}"
EndProject
Project("{FAE04EC0-301F-11D3-BF4B-00C04F79EFBC}") = "QuickBuy.Web", "QuickBuy.Web\QuickBuy.Web.csproj", "{EC9FA277-B40C-43B5-ADE5-9DFDC8ED4489}"
EndProject
Global
	GlobalSection(SolutionConfigurationPlatforms) = preSolution
		Debug|Any CPU = Debug|Any CPU
		Release|Any CPU = Release|Any CPU
	EndGlobalSection
	GlobalSection(ProjectConfigurationPlatforms) = postSolution
		{0E12FADD-B078-4814-BFAA-7484485B01C6}.Debug|Any CPU.ActiveCfg = Debug|Any CPU
		{0E12FADD-B078-4814-BFAA-7484485B01C6}.Debug|Any CPU.Build.0 = Debug|Any CPU
		{0E12FADD-B078-4814-BFAA-7484485B01C6}.Release|Any CPU.ActiveCfg = Release|Any CPU
		{0E12FADD-B078-4814-BFAA-7484485B01C6}.Release|Any CPU.Build.0 = Release|Any CPU
		{772031F9-D42A-47B3-8E2B-27319AC695C0}.Debug|Any CPU.ActiveCfg = Debug|Any CPU
		{772031F9-D42A-47B3-8E2B-27319AC695C0}.Debug|Any CPU.Build.0 = Debug|Any CPU
		{772031F9-D42A-47B3-8E2B-27319AC695C0}.Release|Any CPU.ActiveCfg = Release|Any CPU
		{772031F9-D42A-47B3-8E2B-27319AC695C0}.Release|Any CPU.Build.0 = Release|Any CPU
		{EC9FA277-B40C-43B5-ADE5-9DFDC8ED4489}.Debug|Any CPU.ActiveCfg = Debug|Any CPU
		{EC9FA277-B40C-43B5-ADE5-9DFDC8ED4489}.Debug|Any CPU.Build.0 = Debug|Any CPU
		{EC9FA277-B40C-43B5-ADE5-9DFDC8ED4489}.Release|Any CPU.ActiveCfg = Release|Any CPU
		{EC9FA277-B40C-43B5-ADE5-9DFDC8ED4489}.Release|Any CPU.Build.0 = Release|Any CPU
	EndGlobalSection
	GlobalSection(SolutionProperties) = preSolution
		HideSolutionNode = FALSE
	EndGlobalSection
	GlobalSection(ExtensibilityGlobals) = postSolution
		SolutionGuid = {D4128D0B-4191-4C6B-A708-6073DC73E0C2}
	EndGlobalSection
EndGlobal
